// !$*UTF8*$!
{
	archiveVersion = 1;
	classes = {
	};
	objectVersion = 46;
	objects = {

/* Begin PBXBuildFile section */
		01BABAF11A0960A1008964F7 /* AddGroupViewController.m in Sources */ = {isa = PBXBuildFile; fileRef = 01BABAF01A0960A1008964F7 /* AddGroupViewController.m */; };
		01BABAF41A0960AE008964F7 /* AddMemberViewController.m in Sources */ = {isa = PBXBuildFile; fileRef = 01BABAF31A0960AE008964F7 /* AddMemberViewController.m */; };
		01C37E111A08A4AB0015BAAC /* RegisterViewController.m in Sources */ = {isa = PBXBuildFile; fileRef = 01C37E101A08A4AB0015BAAC /* RegisterViewController.m */; };
		01C37E141A08A4BB0015BAAC /* GroupsViewController.m in Sources */ = {isa = PBXBuildFile; fileRef = 01C37E131A08A4BB0015BAAC /* GroupsViewController.m */; };
		01E9ECBE1A05F2A000F3B848 /* main.m in Sources */ = {isa = PBXBuildFile; fileRef = 01E9ECBD1A05F2A000F3B848 /* main.m */; };
		01E9ECC11A05F2A000F3B848 /* AppDelegate.m in Sources */ = {isa = PBXBuildFile; fileRef = 01E9ECC01A05F2A000F3B848 /* AppDelegate.m */; };
		01E9ECC41A05F2A000F3B848 /* ViewController.m in Sources */ = {isa = PBXBuildFile; fileRef = 01E9ECC31A05F2A000F3B848 /* ViewController.m */; };
		01E9ECC71A05F2A000F3B848 /* Main.storyboard in Resources */ = {isa = PBXBuildFile; fileRef = 01E9ECC51A05F2A000F3B848 /* Main.storyboard */; };
		01E9ECC91A05F2A000F3B848 /* Images.xcassets in Resources */ = {isa = PBXBuildFile; fileRef = 01E9ECC81A05F2A000F3B848 /* Images.xcassets */; };
		01E9ECCC1A05F2A000F3B848 /* LaunchScreen.xib in Resources */ = {isa = PBXBuildFile; fileRef = 01E9ECCA1A05F2A000F3B848 /* LaunchScreen.xib */; };
		01E9ECD81A05F2A100F3B848 /* ExpenseShareTests.m in Sources */ = {isa = PBXBuildFile; fileRef = 01E9ECD71A05F2A100F3B848 /* ExpenseShareTests.m */; };
		01E9ECE31A0604C900F3B848 /* AddExpenseViewController.m in Sources */ = {isa = PBXBuildFile; fileRef = 01E9ECE21A0604C900F3B848 /* AddExpenseViewController.m */; };
		01E9ECE61A06053900F3B848 /* ReimburseViewController.m in Sources */ = {isa = PBXBuildFile; fileRef = 01E9ECE51A06053900F3B848 /* ReimburseViewController.m */; };
		01E9ECE91A06063B00F3B848 /* ReportViewController.m in Sources */ = {isa = PBXBuildFile; fileRef = 01E9ECE81A06063B00F3B848 /* ReportViewController.m */; };
		01E9ECEC1A06065C00F3B848 /* MainViewController.m in Sources */ = {isa = PBXBuildFile; fileRef = 01E9ECEB1A06065C00F3B848 /* MainViewController.m */; };
		696C10483B66DCC3E5A40886 /* Expense.m in Sources */ = {isa = PBXBuildFile; fileRef = 696C1EA31C23746C9DCF4AE8 /* Expense.m */; };
		696C132CF6E971470CC72A52 /* ESSConnection.m in Sources */ = {isa = PBXBuildFile; fileRef = 696C18C40CAB10196D44383C /* ESSConnection.m */; };
		696C17959D013A738D904080 /* GCDAsyncSocket.m in Sources */ = {isa = PBXBuildFile; fileRef = 696C193E5D7A1F0C9927F010 /* GCDAsyncSocket.m */; };
		696C18983F8DA5752FEFF627 /* Group.m in Sources */ = {isa = PBXBuildFile; fileRef = 696C157B22C9023533B4129F /* Group.m */; };
		696C1C0816F86FDB00C2BF1E /* ESPacket.m in Sources */ = {isa = PBXBuildFile; fileRef = 696C10CD56C3B6678B195D96 /* ESPacket.m */; };
		696C1DB9608CACB224F591BA /* Reimbursement.m in Sources */ = {isa = PBXBuildFile; fileRef = 696C14B44194D8C932A06A5E /* Reimbursement.m */; };
		696C1E8097F171C82C4F296B /* User_Group.m in Sources */ = {isa = PBXBuildFile; fileRef = 696C16CABE7F7DA313A0B45C /* User_Group.m */; };
		696C1F0E8A1758C921F9A1F9 /* User.m in Sources */ = {isa = PBXBuildFile; fileRef = 696C156CF6F2D6DC441D596F /* User.m */; };
/* End PBXBuildFile section */

/* Begin PBXContainerItemProxy section */
		01E9ECD21A05F2A100F3B848 /* PBXContainerItemProxy */ = {
			isa = PBXContainerItemProxy;
			containerPortal = 01E9ECB01A05F2A000F3B848 /* Project object */;
			proxyType = 1;
			remoteGlobalIDString = 01E9ECB71A05F2A000F3B848;
			remoteInfo = ExpenseShare;
		};
/* End PBXContainerItemProxy section */

/* Begin PBXFileReference section */
		01BABAEF1A0960A1008964F7 /* AddGroupViewController.h */ = {isa = PBXFileReference; fileEncoding = 4; lastKnownFileType = sourcecode.c.h; path = AddGroupViewController.h; sourceTree = "<group>"; };
		01BABAF01A0960A1008964F7 /* AddGroupViewController.m */ = {isa = PBXFileReference; fileEncoding = 4; lastKnownFileType = sourcecode.c.objc; path = AddGroupViewController.m; sourceTree = "<group>"; };
		01BABAF21A0960AE008964F7 /* AddMemberViewController.h */ = {isa = PBXFileReference; fileEncoding = 4; lastKnownFileType = sourcecode.c.h; path = AddMemberViewController.h; sourceTree = "<group>"; };
		01BABAF31A0960AE008964F7 /* AddMemberViewController.m */ = {isa = PBXFileReference; fileEncoding = 4; lastKnownFileType = sourcecode.c.objc; path = AddMemberViewController.m; sourceTree = "<group>"; };
		01C37E0F1A08A4AB0015BAAC /* RegisterViewController.h */ = {isa = PBXFileReference; fileEncoding = 4; lastKnownFileType = sourcecode.c.h; path = RegisterViewController.h; sourceTree = "<group>"; };
		01C37E101A08A4AB0015BAAC /* RegisterViewController.m */ = {isa = PBXFileReference; fileEncoding = 4; lastKnownFileType = sourcecode.c.objc; path = RegisterViewController.m; sourceTree = "<group>"; };
		01C37E121A08A4BB0015BAAC /* GroupsViewController.h */ = {isa = PBXFileReference; fileEncoding = 4; lastKnownFileType = sourcecode.c.h; path = GroupsViewController.h; sourceTree = "<group>"; };
		01C37E131A08A4BB0015BAAC /* GroupsViewController.m */ = {isa = PBXFileReference; fileEncoding = 4; lastKnownFileType = sourcecode.c.objc; path = GroupsViewController.m; sourceTree = "<group>"; };
		01E9ECB81A05F2A000F3B848 /* ExpenseShare.app */ = {isa = PBXFileReference; explicitFileType = wrapper.application; includeInIndex = 0; path = ExpenseShare.app; sourceTree = BUILT_PRODUCTS_DIR; };
		01E9ECBC1A05F2A000F3B848 /* Info.plist */ = {isa = PBXFileReference; lastKnownFileType = text.plist.xml; path = Info.plist; sourceTree = "<group>"; };
		01E9ECBD1A05F2A000F3B848 /* main.m */ = {isa = PBXFileReference; lastKnownFileType = sourcecode.c.objc; path = main.m; sourceTree = "<group>"; };
		01E9ECBF1A05F2A000F3B848 /* AppDelegate.h */ = {isa = PBXFileReference; lastKnownFileType = sourcecode.c.h; path = AppDelegate.h; sourceTree = "<group>"; };
		01E9ECC01A05F2A000F3B848 /* AppDelegate.m */ = {isa = PBXFileReference; lastKnownFileType = sourcecode.c.objc; path = AppDelegate.m; sourceTree = "<group>"; };
		01E9ECC21A05F2A000F3B848 /* ViewController.h */ = {isa = PBXFileReference; lastKnownFileType = sourcecode.c.h; path = ViewController.h; sourceTree = "<group>"; };
		01E9ECC31A05F2A000F3B848 /* ViewController.m */ = {isa = PBXFileReference; lastKnownFileType = sourcecode.c.objc; path = ViewController.m; sourceTree = "<group>"; };
		01E9ECC61A05F2A000F3B848 /* Base */ = {isa = PBXFileReference; lastKnownFileType = file.storyboard; name = Base; path = Base.lproj/Main.storyboard; sourceTree = "<group>"; };
		01E9ECC81A05F2A000F3B848 /* Images.xcassets */ = {isa = PBXFileReference; lastKnownFileType = folder.assetcatalog; path = Images.xcassets; sourceTree = "<group>"; };
		01E9ECCB1A05F2A000F3B848 /* Base */ = {isa = PBXFileReference; lastKnownFileType = file.xib; name = Base; path = Base.lproj/LaunchScreen.xib; sourceTree = "<group>"; };
		01E9ECD11A05F2A100F3B848 /* ExpenseShareTests.xctest */ = {isa = PBXFileReference; explicitFileType = wrapper.cfbundle; includeInIndex = 0; path = ExpenseShareTests.xctest; sourceTree = BUILT_PRODUCTS_DIR; };
		01E9ECD61A05F2A100F3B848 /* Info.plist */ = {isa = PBXFileReference; lastKnownFileType = text.plist.xml; path = Info.plist; sourceTree = "<group>"; };
		01E9ECD71A05F2A100F3B848 /* ExpenseShareTests.m */ = {isa = PBXFileReference; lastKnownFileType = sourcecode.c.objc; path = ExpenseShareTests.m; sourceTree = "<group>"; };
		01E9ECE11A0604C900F3B848 /* AddExpenseViewController.h */ = {isa = PBXFileReference; fileEncoding = 4; lastKnownFileType = sourcecode.c.h; path = AddExpenseViewController.h; sourceTree = "<group>"; };
		01E9ECE21A0604C900F3B848 /* AddExpenseViewController.m */ = {isa = PBXFileReference; fileEncoding = 4; lastKnownFileType = sourcecode.c.objc; path = AddExpenseViewController.m; sourceTree = "<group>"; };
		01E9ECE41A06053900F3B848 /* ReimburseViewController.h */ = {isa = PBXFileReference; fileEncoding = 4; lastKnownFileType = sourcecode.c.h; path = ReimburseViewController.h; sourceTree = "<group>"; };
		01E9ECE51A06053900F3B848 /* ReimburseViewController.m */ = {isa = PBXFileReference; fileEncoding = 4; lastKnownFileType = sourcecode.c.objc; path = ReimburseViewController.m; sourceTree = "<group>"; };
		01E9ECE71A06063B00F3B848 /* ReportViewController.h */ = {isa = PBXFileReference; fileEncoding = 4; lastKnownFileType = sourcecode.c.h; path = ReportViewController.h; sourceTree = "<group>"; };
		01E9ECE81A06063B00F3B848 /* ReportViewController.m */ = {isa = PBXFileReference; fileEncoding = 4; lastKnownFileType = sourcecode.c.objc; path = ReportViewController.m; sourceTree = "<group>"; };
		01E9ECEA1A06065C00F3B848 /* MainViewController.h */ = {isa = PBXFileReference; fileEncoding = 4; lastKnownFileType = sourcecode.c.h; path = MainViewController.h; sourceTree = "<group>"; };
		01E9ECEB1A06065C00F3B848 /* MainViewController.m */ = {isa = PBXFileReference; fileEncoding = 4; lastKnownFileType = sourcecode.c.objc; path = MainViewController.m; sourceTree = "<group>"; };
		696C10CD56C3B6678B195D96 /* ESPacket.m */ = {isa = PBXFileReference; fileEncoding = 4; lastKnownFileType = sourcecode.c.objc; name = ESPacket.m; path = ../../ESServer/ESPacket.m; sourceTree = "<group>"; };
		696C12CE795920EE685C89CC /* GCDAsyncSocket.h */ = {isa = PBXFileReference; fileEncoding = 4; lastKnownFileType = sourcecode.c.h; path = GCDAsyncSocket.h; sourceTree = "<group>"; };
		696C14B44194D8C932A06A5E /* Reimbursement.m */ = {isa = PBXFileReference; fileEncoding = 4; lastKnownFileType = sourcecode.c.objc; path = Reimbursement.m; sourceTree = "<group>"; };
		696C156CF6F2D6DC441D596F /* User.m */ = {isa = PBXFileReference; fileEncoding = 4; lastKnownFileType = sourcecode.c.objc; path = User.m; sourceTree = "<group>"; };
		696C157B22C9023533B4129F /* Group.m */ = {isa = PBXFileReference; fileEncoding = 4; lastKnownFileType = sourcecode.c.objc; path = Group.m; sourceTree = "<group>"; };
		696C15DE21FBD2E6B6DC144A /* User.h */ = {isa = PBXFileReference; fileEncoding = 4; lastKnownFileType = sourcecode.c.h; path = User.h; sourceTree = "<group>"; };
		696C16346455CA78A253F055 /* User_Group.h */ = {isa = PBXFileReference; fileEncoding = 4; lastKnownFileType = sourcecode.c.h; path = User_Group.h; sourceTree = "<group>"; };
		696C16CABE7F7DA313A0B45C /* User_Group.m */ = {isa = PBXFileReference; fileEncoding = 4; lastKnownFileType = sourcecode.c.objc; path = User_Group.m; sourceTree = "<group>"; };
		696C18C40CAB10196D44383C /* ESSConnection.m */ = {isa = PBXFileReference; fileEncoding = 4; lastKnownFileType = sourcecode.c.objc; path = ESSConnection.m; sourceTree = "<group>"; };
		696C193E5D7A1F0C9927F010 /* GCDAsyncSocket.m */ = {isa = PBXFileReference; fileEncoding = 4; lastKnownFileType = sourcecode.c.objc; path = GCDAsyncSocket.m; sourceTree = "<group>"; };
		696C1A6F0EE7D2A0AB59A1A1 /* ESPacket.h */ = {isa = PBXFileReference; fileEncoding = 4; lastKnownFileType = sourcecode.c.h; name = ESPacket.h; path = ../../ESServer/ESPacket.h; sourceTree = "<group>"; };
		696C1BEB8B187F76E856430D /* Group.h */ = {isa = PBXFileReference; fileEncoding = 4; lastKnownFileType = sourcecode.c.h; path = Group.h; sourceTree = "<group>"; };
		696C1BF39BBA95CA716195E8 /* ESSConnection.h */ = {isa = PBXFileReference; fileEncoding = 4; lastKnownFileType = sourcecode.c.h; path = ESSConnection.h; sourceTree = "<group>"; };
		696C1C7B5E2879AB64E07FAC /* Expense.h */ = {isa = PBXFileReference; fileEncoding = 4; lastKnownFileType = sourcecode.c.h; path = Expense.h; sourceTree = "<group>"; };
		696C1EA31C23746C9DCF4AE8 /* Expense.m */ = {isa = PBXFileReference; fileEncoding = 4; lastKnownFileType = sourcecode.c.objc; path = Expense.m; sourceTree = "<group>"; };
		696C1F559FEABC66E8570D21 /* Reimbursement.h */ = {isa = PBXFileReference; fileEncoding = 4; lastKnownFileType = sourcecode.c.h; path = Reimbursement.h; sourceTree = "<group>"; };
/* End PBXFileReference section */

/* Begin PBXFrameworksBuildPhase section */
		01E9ECB51A05F2A000F3B848 /* Frameworks */ = {
			isa = PBXFrameworksBuildPhase;
			buildActionMask = 2147483647;
			files = (
			);
			runOnlyForDeploymentPostprocessing = 0;
		};
		01E9ECCE1A05F2A100F3B848 /* Frameworks */ = {
			isa = PBXFrameworksBuildPhase;
			buildActionMask = 2147483647;
			files = (
			);
			runOnlyForDeploymentPostprocessing = 0;
		};
/* End PBXFrameworksBuildPhase section */

/* Begin PBXGroup section */
		01BABAF51A09700A008964F7 /* View Controllers */ = {
			isa = PBXGroup;
			children = (
				01BABAEF1A0960A1008964F7 /* AddGroupViewController.h */,
				01BABAF01A0960A1008964F7 /* AddGroupViewController.m */,
				01BABAF21A0960AE008964F7 /* AddMemberViewController.h */,
				01BABAF31A0960AE008964F7 /* AddMemberViewController.m */,
				01C37E0F1A08A4AB0015BAAC /* RegisterViewController.h */,
				01C37E101A08A4AB0015BAAC /* RegisterViewController.m */,
				01C37E121A08A4BB0015BAAC /* GroupsViewController.h */,
				01C37E131A08A4BB0015BAAC /* GroupsViewController.m */,
				01E9ECE11A0604C900F3B848 /* AddExpenseViewController.h */,
				01E9ECE21A0604C900F3B848 /* AddExpenseViewController.m */,
				01E9ECE41A06053900F3B848 /* ReimburseViewController.h */,
				01E9ECE51A06053900F3B848 /* ReimburseViewController.m */,
				01E9ECE71A06063B00F3B848 /* ReportViewController.h */,
				01E9ECE81A06063B00F3B848 /* ReportViewController.m */,
				01E9ECEA1A06065C00F3B848 /* MainViewController.h */,
				01E9ECEB1A06065C00F3B848 /* MainViewController.m */,
			);
			name = "View Controllers";
			sourceTree = "<group>";
		};
		01E9ECAF1A05F2A000F3B848 = {
			isa = PBXGroup;
			children = (
				01E9ECBA1A05F2A000F3B848 /* ExpenseShare */,
				01E9ECD41A05F2A100F3B848 /* ExpenseShareTests */,
				01E9ECB91A05F2A000F3B848 /* Products */,
			);
			sourceTree = "<group>";
		};
		01E9ECB91A05F2A000F3B848 /* Products */ = {
			isa = PBXGroup;
			children = (
				01E9ECB81A05F2A000F3B848 /* ExpenseShare.app */,
				01E9ECD11A05F2A100F3B848 /* ExpenseShareTests.xctest */,
			);
			name = Products;
			sourceTree = "<group>";
		};
		01E9ECBA1A05F2A000F3B848 /* ExpenseShare */ = {
			isa = PBXGroup;
			children = (
				01BABAF51A09700A008964F7 /* View Controllers */,
				01E9ECC51A05F2A000F3B848 /* Main.storyboard */,
				01E9ECC81A05F2A000F3B848 /* Images.xcassets */,
				01E9ECCA1A05F2A000F3B848 /* LaunchScreen.xib */,
				01E9ECBB1A05F2A000F3B848 /* Supporting Files */,
				696C18C40CAB10196D44383C /* ESSConnection.m */,
				696C1BF39BBA95CA716195E8 /* ESSConnection.h */,
				696C12CE795920EE685C89CC /* GCDAsyncSocket.h */,
				696C193E5D7A1F0C9927F010 /* GCDAsyncSocket.m */,
				696C1A6F0EE7D2A0AB59A1A1 /* ESPacket.h */,
				696C10CD56C3B6678B195D96 /* ESPacket.m */,
				696C1DE812754D4FB29CA851 /* Objects */,
			);
			path = ExpenseShare;
			sourceTree = "<group>";
		};
		01E9ECBB1A05F2A000F3B848 /* Supporting Files */ = {
			isa = PBXGroup;
			children = (
				01E9ECBF1A05F2A000F3B848 /* AppDelegate.h */,
				01E9ECC01A05F2A000F3B848 /* AppDelegate.m */,
				01E9ECC21A05F2A000F3B848 /* ViewController.h */,
				01E9ECC31A05F2A000F3B848 /* ViewController.m */,
				01E9ECBC1A05F2A000F3B848 /* Info.plist */,
				01E9ECBD1A05F2A000F3B848 /* main.m */,
			);
			name = "Supporting Files";
			sourceTree = "<group>";
		};
		01E9ECD41A05F2A100F3B848 /* ExpenseShareTests */ = {
			isa = PBXGroup;
			children = (
				01E9ECD71A05F2A100F3B848 /* ExpenseShareTests.m */,
				01E9ECD51A05F2A100F3B848 /* Supporting Files */,
			);
			path = ExpenseShareTests;
			sourceTree = "<group>";
		};
		01E9ECD51A05F2A100F3B848 /* Supporting Files */ = {
			isa = PBXGroup;
			children = (
				01E9ECD61A05F2A100F3B848 /* Info.plist */,
			);
			name = "Supporting Files";
			sourceTree = "<group>";
		};
		696C1DE812754D4FB29CA851 /* Objects */ = {
			isa = PBXGroup;
			children = (
				696C156CF6F2D6DC441D596F /* User.m */,
				696C15DE21FBD2E6B6DC144A /* User.h */,
				696C157B22C9023533B4129F /* Group.m */,
				696C1BEB8B187F76E856430D /* Group.h */,
				696C1EA31C23746C9DCF4AE8 /* Expense.m */,
				696C1C7B5E2879AB64E07FAC /* Expense.h */,
				696C14B44194D8C932A06A5E /* Reimbursement.m */,
				696C1F559FEABC66E8570D21 /* Reimbursement.h */,
				696C16CABE7F7DA313A0B45C /* User_Group.m */,
				696C16346455CA78A253F055 /* User_Group.h */,
			);
			path = Objects;
			sourceTree = "<group>";
		};
/* End PBXGroup section */

/* Begin PBXNativeTarget section */
		01E9ECB71A05F2A000F3B848 /* ExpenseShare */ = {
			isa = PBXNativeTarget;
			buildConfigurationList = 01E9ECDB1A05F2A100F3B848 /* Build configuration list for PBXNativeTarget "ExpenseShare" */;
			buildPhases = (
				01E9ECB41A05F2A000F3B848 /* Sources */,
				01E9ECB51A05F2A000F3B848 /* Frameworks */,
				01E9ECB61A05F2A000F3B848 /* Resources */,
			);
			buildRules = (
			);
			dependencies = (
			);
			name = ExpenseShare;
			productName = ExpenseShare;
			productReference = 01E9ECB81A05F2A000F3B848 /* ExpenseShare.app */;
			productType = "com.apple.product-type.application";
		};
		01E9ECD01A05F2A100F3B848 /* ExpenseShareTests */ = {
			isa = PBXNativeTarget;
			buildConfigurationList = 01E9ECDE1A05F2A100F3B848 /* Build configuration list for PBXNativeTarget "ExpenseShareTests" */;
			buildPhases = (
				01E9ECCD1A05F2A100F3B848 /* Sources */,
				01E9ECCE1A05F2A100F3B848 /* Frameworks */,
				01E9ECCF1A05F2A100F3B848 /* Resources */,
			);
			buildRules = (
			);
			dependencies = (
				01E9ECD31A05F2A100F3B848 /* PBXTargetDependency */,
			);
			name = ExpenseShareTests;
			productName = ExpenseShareTests;
			productReference = 01E9ECD11A05F2A100F3B848 /* ExpenseShareTests.xctest */;
			productType = "com.apple.product-type.bundle.unit-test";
		};
/* End PBXNativeTarget section */

/* Begin PBXProject section */
		01E9ECB01A05F2A000F3B848 /* Project object */ = {
			isa = PBXProject;
			attributes = {
				LastUpgradeCheck = 0610;
				ORGANIZATIONNAME = "Thomas Williams";
				TargetAttributes = {
					01E9ECB71A05F2A000F3B848 = {
						CreatedOnToolsVersion = 6.1;
					};
					01E9ECD01A05F2A100F3B848 = {
						CreatedOnToolsVersion = 6.1;
						TestTargetID = 01E9ECB71A05F2A000F3B848;
					};
				};
			};
			buildConfigurationList = 01E9ECB31A05F2A000F3B848 /* Build configuration list for PBXProject "ExpenseShare" */;
			compatibilityVersion = "Xcode 3.2";
			developmentRegion = English;
			hasScannedForEncodings = 0;
			knownRegions = (
				en,
				Base,
			);
			mainGroup = 01E9ECAF1A05F2A000F3B848;
			productRefGroup = 01E9ECB91A05F2A000F3B848 /* Products */;
			projectDirPath = "";
			projectRoot = "";
			targets = (
				01E9ECB71A05F2A000F3B848 /* ExpenseShare */,
				01E9ECD01A05F2A100F3B848 /* ExpenseShareTests */,
			);
		};
/* End PBXProject section */

/* Begin PBXResourcesBuildPhase section */
		01E9ECB61A05F2A000F3B848 /* Resources */ = {
			isa = PBXResourcesBuildPhase;
			buildActionMask = 2147483647;
			files = (
				01E9ECC71A05F2A000F3B848 /* Main.storyboard in Resources */,
				01E9ECCC1A05F2A000F3B848 /* LaunchScreen.xib in Resources */,
				01E9ECC91A05F2A000F3B848 /* Images.xcassets in Resources */,
			);
			runOnlyForDeploymentPostprocessing = 0;
		};
		01E9ECCF1A05F2A100F3B848 /* Resources */ = {
			isa = PBXResourcesBuildPhase;
			buildActionMask = 2147483647;
			files = (
			);
			runOnlyForDeploymentPostprocessing = 0;
		};
/* End PBXResourcesBuildPhase section */

/* Begin PBXSourcesBuildPhase section */
		01E9ECB41A05F2A000F3B848 /* Sources */ = {
			isa = PBXSourcesBuildPhase;
			buildActionMask = 2147483647;
			files = (
				01BABAF41A0960AE008964F7 /* AddMemberViewController.m in Sources */,
				01E9ECC41A05F2A000F3B848 /* ViewController.m in Sources */,
				01E9ECE31A0604C900F3B848 /* AddExpenseViewController.m in Sources */,
				01E9ECE91A06063B00F3B848 /* ReportViewController.m in Sources */,
				01E9ECC11A05F2A000F3B848 /* AppDelegate.m in Sources */,
				01C37E141A08A4BB0015BAAC /* GroupsViewController.m in Sources */,
				01E9ECEC1A06065C00F3B848 /* MainViewController.m in Sources */,
				01BABAF11A0960A1008964F7 /* AddGroupViewController.m in Sources */,
				01E9ECE61A06053900F3B848 /* ReimburseViewController.m in Sources */,
				01E9ECBE1A05F2A000F3B848 /* main.m in Sources */,
				01C37E111A08A4AB0015BAAC /* RegisterViewController.m in Sources */,
				696C132CF6E971470CC72A52 /* ESSConnection.m in Sources */,
				696C17959D013A738D904080 /* GCDAsyncSocket.m in Sources */,
				696C1C0816F86FDB00C2BF1E /* ESPacket.m in Sources */,
				696C1F0E8A1758C921F9A1F9 /* User.m in Sources */,
				696C18983F8DA5752FEFF627 /* Group.m in Sources */,
				696C10483B66DCC3E5A40886 /* Expense.m in Sources */,
				696C1DB9608CACB224F591BA /* Reimbursement.m in Sources */,
				696C1E8097F171C82C4F296B /* User_Group.m in Sources */,
			);
			runOnlyForDeploymentPostprocessing = 0;
		};
		01E9ECCD1A05F2A100F3B848 /* Sources */ = {
			isa = PBXSourcesBuildPhase;
			buildActionMask = 2147483647;
			files = (
				01E9ECD81A05F2A100F3B848 /* ExpenseShareTests.m in Sources */,
			);
			runOnlyForDeploymentPostprocessing = 0;
		};
/* End PBXSourcesBuildPhase section */

/* Begin PBXTargetDependency section */
		01E9ECD31A05F2A100F3B848 /* PBXTargetDependency */ = {
			isa = PBXTargetDependency;
			target = 01E9ECB71A05F2A000F3B848 /* ExpenseShare */;
			targetProxy = 01E9ECD21A05F2A100F3B848 /* PBXContainerItemProxy */;
		};
/* End PBXTargetDependency section */

/* Begin PBXVariantGroup section */
		01E9ECC51A05F2A000F3B848 /* Main.storyboard */ = {
			isa = PBXVariantGroup;
			children = (
				01E9ECC61A05F2A000F3B848 /* Base */,
			);
			name = Main.storyboard;
			sourceTree = "<group>";
		};
		01E9ECCA1A05F2A000F3B848 /* LaunchScreen.xib */ = {
			isa = PBXVariantGroup;
			children = (
				01E9ECCB1A05F2A000F3B848 /* Base */,
			);
			name = LaunchScreen.xib;
			sourceTree = "<group>";
		};
/* End PBXVariantGroup section */

/* Begin XCBuildConfiguration section */
		01E9ECD91A05F2A100F3B848 /* Debug */ = {
			isa = XCBuildConfiguration;
			buildSettings = {
				ALWAYS_SEARCH_USER_PATHS = NO;
				CLANG_CXX_LANGUAGE_STANDARD = "gnu++0x";
				CLANG_CXX_LIBRARY = "libc++";
				CLANG_ENABLE_MODULES = YES;
				CLANG_ENABLE_OBJC_ARC = YES;
				CLANG_WARN_BOOL_CONVERSION = YES;
				CLANG_WARN_CONSTANT_CONVERSION = YES;
				CLANG_WARN_DIRECT_OBJC_ISA_USAGE = YES_ERROR;
				CLANG_WARN_EMPTY_BODY = YES;
				CLANG_WARN_ENUM_CONVERSION = YES;
				CLANG_WARN_INT_CONVERSION = YES;
				CLANG_WARN_OBJC_ROOT_CLASS = YES_ERROR;
				CLANG_WARN_UNREACHABLE_CODE = YES;
				CLANG_WARN__DUPLICATE_METHOD_MATCH = YES;
				"CODE_SIGN_IDENTITY[sdk=iphoneos*]" = "iPhone Developer";
				COPY_PHASE_STRIP = NO;
				ENABLE_STRICT_OBJC_MSGSEND = YES;
				GCC_C_LANGUAGE_STANDARD = gnu99;
				GCC_DYNAMIC_NO_PIC = NO;
				GCC_OPTIMIZATION_LEVEL = 0;
				GCC_PREPROCESSOR_DEFINITIONS = (
					"DEBUG=1",
					"$(inherited)",
				);
				GCC_SYMBOLS_PRIVATE_EXTERN = NO;
				GCC_WARN_64_TO_32_BIT_CONVERSION = YES;
				GCC_WARN_ABOUT_RETURN_TYPE = YES_ERROR;
				GCC_WARN_UNDECLARED_SELECTOR = YES;
				GCC_WARN_UNINITIALIZED_AUTOS = YES_AGGRESSIVE;
				GCC_WARN_UNUSED_FUNCTION = YES;
				GCC_WARN_UNUSED_VARIABLE = YES;
				IPHONEOS_DEPLOYMENT_TARGET = 8.1;
				MTL_ENABLE_DEBUG_INFO = YES;
				ONLY_ACTIVE_ARCH = YES;
				SDKROOT = iphoneos;
			};
			name = Debug;
		};
		01E9ECDA1A05F2A100F3B848 /* Release */ = {
			isa = XCBuildConfiguration;
			buildSettings = {
				ALWAYS_SEARCH_USER_PATHS = NO;
				CLANG_CXX_LANGUAGE_STANDARD = "gnu++0x";
				CLANG_CXX_LIBRARY = "libc++";
				CLANG_ENABLE_MODULES = YES;
				CLANG_ENABLE_OBJC_ARC = YES;
				CLANG_WARN_BOOL_CONVERSION = YES;
				CLANG_WARN_CONSTANT_CONVERSION = YES;
				CLANG_WARN_DIRECT_OBJC_ISA_USAGE = YES_ERROR;
				CLANG_WARN_EMPTY_BODY = YES;
				CLANG_WARN_ENUM_CONVERSION = YES;
				CLANG_WARN_INT_CONVERSION = YES;
				CLANG_WARN_OBJC_ROOT_CLASS = YES_ERROR;
				CLANG_WARN_UNREACHABLE_CODE = YES;
				CLANG_WARN__DUPLICATE_METHOD_MATCH = YES;
				"CODE_SIGN_IDENTITY[sdk=iphoneos*]" = "iPhone Developer";
				COPY_PHASE_STRIP = YES;
				ENABLE_NS_ASSERTIONS = NO;
				ENABLE_STRICT_OBJC_MSGSEND = YES;
				GCC_C_LANGUAGE_STANDARD = gnu99;
				GCC_WARN_64_TO_32_BIT_CONVERSION = YES;
				GCC_WARN_ABOUT_RETURN_TYPE = YES_ERROR;
				GCC_WARN_UNDECLARED_SELECTOR = YES;
				GCC_WARN_UNINITIALIZED_AUTOS = YES_AGGRESSIVE;
				GCC_WARN_UNUSED_FUNCTION = YES;
				GCC_WARN_UNUSED_VARIABLE = YES;
				IPHONEOS_DEPLOYMENT_TARGET = 8.1;
				MTL_ENABLE_DEBUG_INFO = NO;
				SDKROOT = iphoneos;
				VALIDATE_PRODUCT = YES;
			};
			name = Release;
		};
		01E9ECDC1A05F2A100F3B848 /* Debug */ = {
			isa = XCBuildConfiguration;
			buildSettings = {
				ASSETCATALOG_COMPILER_APPICON_NAME = AppIcon;
				INFOPLIST_FILE = ExpenseShare/Info.plist;
				LD_RUNPATH_SEARCH_PATHS = "$(inherited) @executable_path/Frameworks";
				PRODUCT_NAME = "$(TARGET_NAME)";
			};
			name = Debug;
		};
		01E9ECDD1A05F2A100F3B848 /* Release */ = {
			isa = XCBuildConfiguration;
			buildSettings = {
				ASSETCATALOG_COMPILER_APPICON_NAME = AppIcon;
				INFOPLIST_FILE = ExpenseShare/Info.plist;
				LD_RUNPATH_SEARCH_PATHS = "$(inherited) @executable_path/Frameworks";
				PRODUCT_NAME = "$(TARGET_NAME)";
			};
			name = Release;
		};
		01E9ECDF1A05F2A100F3B848 /* Debug */ = {
			isa = XCBuildConfiguration;
			buildSettings = {
				BUNDLE_LOADER = "$(TEST_HOST)";
				FRAMEWORK_SEARCH_PATHS = (
					"$(SDKROOT)/Developer/Library/Frameworks",
					"$(inherited)",
				);
				GCC_PREPROCESSOR_DEFINITIONS = (
					"DEBUG=1",
					"$(inherited)",
				);
				INFOPLIST_FILE = ExpenseShareTests/Info.plist;
				LD_RUNPATH_SEARCH_PATHS = "$(inherited) @executable_path/Frameworks @loader_path/Frameworks";
				PRODUCT_NAME = "$(TARGET_NAME)";
				TEST_HOST = "$(BUILT_PRODUCTS_DIR)/ExpenseShare.app/ExpenseShare";
			};
			name = Debug;
		};
		01E9ECE01A05F2A100F3B848 /* Release */ = {
			isa = XCBuildConfiguration;
			buildSettings = {
				BUNDLE_LOADER = "$(TEST_HOST)";
				FRAMEWORK_SEARCH_PATHS = (
					"$(SDKROOT)/Developer/Library/Frameworks",
					"$(inherited)",
				);
				INFOPLIST_FILE = ExpenseShareTests/Info.plist;
				LD_RUNPATH_SEARCH_PATHS = "$(inherited) @executable_path/Frameworks @loader_path/Frameworks";
				PRODUCT_NAME = "$(TARGET_NAME)";
				TEST_HOST = "$(BUILT_PRODUCTS_DIR)/ExpenseShare.app/ExpenseShare";
			};
			name = Release;
		};
/* End XCBuildConfiguration section */

/* Begin XCConfigurationList section */
		01E9ECB31A05F2A000F3B848 /* Build configuration list for PBXProject "ExpenseShare" */ = {
			isa = XCConfigurationList;
			buildConfigurations = (
				01E9ECD91A05F2A100F3B848 /* Debug */,
				01E9ECDA1A05F2A100F3B848 /* Release */,
			);
			defaultConfigurationIsVisible = 0;
			defaultConfigurationName = Release;
		};
		01E9ECDB1A05F2A100F3B848 /* Build configuration list for PBXNativeTarget "ExpenseShare" */ = {
			isa = XCConfigurationList;
			buildConfigurations = (
				01E9ECDC1A05F2A100F3B848 /* Debug */,
				01E9ECDD1A05F2A100F3B848 /* Release */,
			);
			defaultConfigurationIsVisible = 0;
			defaultConfigurationName = Release;
		};
		01E9ECDE1A05F2A100F3B848 /* Build configuration list for PBXNativeTarget "ExpenseShareTests" */ = {
			isa = XCConfigurationList;
			buildConfigurations = (
				01E9ECDF1A05F2A100F3B848 /* Debug */,
				01E9ECE01A05F2A100F3B848 /* Release */,
			);
			defaultConfigurationIsVisible = 0;
			defaultConfigurationName = Release;
		};
/* End XCConfigurationList section */
	};
	rootObject = 01E9ECB01A05F2A000F3B848 /* Project object */;
}
